// !$*UTF8*$!
{
	archiveVersion = 1;
	classes = {
	};
	objectVersion = 52;
	objects = {

/* Begin PBXBuildFile section */
		53231F5526716E2800360437 /* Airline.swift in Sources */ = {isa = PBXBuildFile; fileRef = 53231F5426716E2800360437 /* Airline.swift */; };
		53231F582671714D00360437 /* Airport.swift in Sources */ = {isa = PBXBuildFile; fileRef = 53231F572671714D00360437 /* Airport.swift */; };
		53231F5B267174B900360437 /* FlightModel.swift in Sources */ = {isa = PBXBuildFile; fileRef = 53231F5A267174B900360437 /* FlightModel.swift */; };
		53231F5F26717BF100360437 /* NavigationBarModifier.swift in Sources */ = {isa = PBXBuildFile; fileRef = 53231F5E26717BF100360437 /* NavigationBarModifier.swift */; };
		53231F62267181B300360437 /* Modifiers.swift in Sources */ = {isa = PBXBuildFile; fileRef = 53231F61267181B300360437 /* Modifiers.swift */; };
		53575847267019AA00524FEB /* flight_trackerApp.swift in Sources */ = {isa = PBXBuildFile; fileRef = 53575846267019AA00524FEB /* flight_trackerApp.swift */; };
		53575849267019AA00524FEB /* MyFlightsView.swift in Sources */ = {isa = PBXBuildFile; fileRef = 53575848267019AA00524FEB /* MyFlightsView.swift */; };
		5357584B267019AB00524FEB /* Assets.xcassets in Resources */ = {isa = PBXBuildFile; fileRef = 5357584A267019AB00524FEB /* Assets.xcassets */; };
		5357584E267019AB00524FEB /* Preview Assets.xcassets in Resources */ = {isa = PBXBuildFile; fileRef = 5357584D267019AB00524FEB /* Preview Assets.xcassets */; };
		5357585726701C3000524FEB /* GoogleService-Info.plist in Resources */ = {isa = PBXBuildFile; fileRef = 5357585626701C3000524FEB /* GoogleService-Info.plist */; };
		5357585B26701EF800524FEB /* FirebaseStorageSwift-Beta in Frameworks */ = {isa = PBXBuildFile; productRef = 5357585A26701EF800524FEB /* FirebaseStorageSwift-Beta */; };
		5357585D26701EF800524FEB /* FirebaseFirestoreSwift-Beta in Frameworks */ = {isa = PBXBuildFile; productRef = 5357585C26701EF800524FEB /* FirebaseFirestoreSwift-Beta */; };
		5357585F26701EF800524FEB /* FirebaseStorage in Frameworks */ = {isa = PBXBuildFile; productRef = 5357585E26701EF800524FEB /* FirebaseStorage */; };
		5357586126701EF800524FEB /* FirebaseAuth in Frameworks */ = {isa = PBXBuildFile; productRef = 5357586026701EF800524FEB /* FirebaseAuth */; };
		5357586326701EF800524FEB /* FirebaseFirestore in Frameworks */ = {isa = PBXBuildFile; productRef = 5357586226701EF800524FEB /* FirebaseFirestore */; };
		5357586526701EF800524FEB /* FirebaseDatabase in Frameworks */ = {isa = PBXBuildFile; productRef = 5357586426701EF800524FEB /* FirebaseDatabase */; };
		535758692670255D00524FEB /* Alamofire in Frameworks */ = {isa = PBXBuildFile; productRef = 535758682670255D00524FEB /* Alamofire */; };
		5357586D2670258C00524FEB /* SwiftyJSON in Frameworks */ = {isa = PBXBuildFile; productRef = 5357586C2670258C00524FEB /* SwiftyJSON */; };
		5357587026702A8600524FEB /* Flight.swift in Sources */ = {isa = PBXBuildFile; fileRef = 5357586F26702A8600524FEB /* Flight.swift */; };
/* End PBXBuildFile section */

/* Begin PBXFileReference section */
		53231F5426716E2800360437 /* Airline.swift */ = {isa = PBXFileReference; lastKnownFileType = sourcecode.swift; path = Airline.swift; sourceTree = "<group>"; };
		53231F572671714D00360437 /* Airport.swift */ = {isa = PBXFileReference; lastKnownFileType = sourcecode.swift; path = Airport.swift; sourceTree = "<group>"; };
		53231F5A267174B900360437 /* FlightModel.swift */ = {isa = PBXFileReference; lastKnownFileType = sourcecode.swift; path = FlightModel.swift; sourceTree = "<group>"; };
		53231F5E26717BF100360437 /* NavigationBarModifier.swift */ = {isa = PBXFileReference; lastKnownFileType = sourcecode.swift; path = NavigationBarModifier.swift; sourceTree = "<group>"; };
		53231F61267181B300360437 /* Modifiers.swift */ = {isa = PBXFileReference; lastKnownFileType = sourcecode.swift; path = Modifiers.swift; sourceTree = "<group>"; };
		53575843267019AA00524FEB /* flight-tracker.app */ = {isa = PBXFileReference; explicitFileType = wrapper.application; includeInIndex = 0; path = "flight-tracker.app"; sourceTree = BUILT_PRODUCTS_DIR; };
		53575846267019AA00524FEB /* flight_trackerApp.swift */ = {isa = PBXFileReference; lastKnownFileType = sourcecode.swift; path = flight_trackerApp.swift; sourceTree = "<group>"; };
		53575848267019AA00524FEB /* MyFlightsView.swift */ = {isa = PBXFileReference; lastKnownFileType = sourcecode.swift; path = MyFlightsView.swift; sourceTree = "<group>"; };
		5357584A267019AB00524FEB /* Assets.xcassets */ = {isa = PBXFileReference; lastKnownFileType = folder.assetcatalog; path = Assets.xcassets; sourceTree = "<group>"; };
		5357584D267019AB00524FEB /* Preview Assets.xcassets */ = {isa = PBXFileReference; lastKnownFileType = folder.assetcatalog; path = "Preview Assets.xcassets"; sourceTree = "<group>"; };
		5357584F267019AB00524FEB /* Info.plist */ = {isa = PBXFileReference; lastKnownFileType = text.plist.xml; path = Info.plist; sourceTree = "<group>"; };
		5357585626701C3000524FEB /* GoogleService-Info.plist */ = {isa = PBXFileReference; fileEncoding = 4; lastKnownFileType = text.plist.xml; path = "GoogleService-Info.plist"; sourceTree = "<group>"; };
		5357586F26702A8600524FEB /* Flight.swift */ = {isa = PBXFileReference; lastKnownFileType = sourcecode.swift; path = Flight.swift; sourceTree = "<group>"; };
/* End PBXFileReference section */

/* Begin PBXFrameworksBuildPhase section */
		53575840267019AA00524FEB /* Frameworks */ = {
			isa = PBXFrameworksBuildPhase;
			buildActionMask = 2147483647;
			files = (
				5357586526701EF800524FEB /* FirebaseDatabase in Frameworks */,
				535758692670255D00524FEB /* Alamofire in Frameworks */,
				5357586D2670258C00524FEB /* SwiftyJSON in Frameworks */,
				5357585B26701EF800524FEB /* FirebaseStorageSwift-Beta in Frameworks */,
				5357585D26701EF800524FEB /* FirebaseFirestoreSwift-Beta in Frameworks */,
				5357585F26701EF800524FEB /* FirebaseStorage in Frameworks */,
				5357586326701EF800524FEB /* FirebaseFirestore in Frameworks */,
				5357586126701EF800524FEB /* FirebaseAuth in Frameworks */,
			);
			runOnlyForDeploymentPostprocessing = 0;
		};
/* End PBXFrameworksBuildPhase section */

/* Begin PBXGroup section */
		53231F642671857800360437 /* Fonts */ = {
			isa = PBXGroup;
			children = (
			);
			path = Fonts;
			sourceTree = "<group>";
		};
		5357583A267019AA00524FEB = {
			isa = PBXGroup;
			children = (
				53575845267019AA00524FEB /* flight-tracker */,
				53575844267019AA00524FEB /* Products */,
			);
			sourceTree = "<group>";
		};
		53575844267019AA00524FEB /* Products */ = {
			isa = PBXGroup;
			children = (
				53575843267019AA00524FEB /* flight-tracker.app */,
			);
			name = Products;
			sourceTree = "<group>";
		};
		53575845267019AA00524FEB /* flight-tracker */ = {
			isa = PBXGroup;
			children = (
				53231F642671857800360437 /* Fonts */,
				53575846267019AA00524FEB /* flight_trackerApp.swift */,
				5357586F26702A8600524FEB /* Flight.swift */,
				53231F5A267174B900360437 /* FlightModel.swift */,
				53231F572671714D00360437 /* Airport.swift */,
				53231F5426716E2800360437 /* Airline.swift */,
				53575848267019AA00524FEB /* MyFlightsView.swift */,
				53231F61267181B300360437 /* Modifiers.swift */,
				53231F5E26717BF100360437 /* NavigationBarModifier.swift */,
				5357584A267019AB00524FEB /* Assets.xcassets */,
				5357585626701C3000524FEB /* GoogleService-Info.plist */,
				5357584F267019AB00524FEB /* Info.plist */,
				5357584C267019AB00524FEB /* Preview Content */,
			);
			path = "flight-tracker";
			sourceTree = "<group>";
		};
		5357584C267019AB00524FEB /* Preview Content */ = {
			isa = PBXGroup;
			children = (
				5357584D267019AB00524FEB /* Preview Assets.xcassets */,
			);
			path = "Preview Content";
			sourceTree = "<group>";
		};
/* End PBXGroup section */

/* Begin PBXNativeTarget section */
		53575842267019AA00524FEB /* flight-tracker */ = {
			isa = PBXNativeTarget;
			buildConfigurationList = 53575852267019AB00524FEB /* Build configuration list for PBXNativeTarget "flight-tracker" */;
			buildPhases = (
				5357583F267019AA00524FEB /* Sources */,
				53575840267019AA00524FEB /* Frameworks */,
				53575841267019AA00524FEB /* Resources */,
			);
			buildRules = (
			);
			dependencies = (
			);
			name = "flight-tracker";
			packageProductDependencies = (
				5357585A26701EF800524FEB /* FirebaseStorageSwift-Beta */,
				5357585C26701EF800524FEB /* FirebaseFirestoreSwift-Beta */,
				5357585E26701EF800524FEB /* FirebaseStorage */,
				5357586026701EF800524FEB /* FirebaseAuth */,
				5357586226701EF800524FEB /* FirebaseFirestore */,
				5357586426701EF800524FEB /* FirebaseDatabase */,
				535758682670255D00524FEB /* Alamofire */,
				5357586C2670258C00524FEB /* SwiftyJSON */,
			);
			productName = "flight-tracker";
			productReference = 53575843267019AA00524FEB /* flight-tracker.app */;
			productType = "com.apple.product-type.application";
		};
/* End PBXNativeTarget section */

/* Begin PBXProject section */
		5357583B267019AA00524FEB /* Project object */ = {
			isa = PBXProject;
			attributes = {
				LastSwiftUpdateCheck = 1240;
				LastUpgradeCheck = 1240;
				TargetAttributes = {
					53575842267019AA00524FEB = {
						CreatedOnToolsVersion = 12.4;
					};
				};
			};
			buildConfigurationList = 5357583E267019AA00524FEB /* Build configuration list for PBXProject "flight-tracker" */;
			compatibilityVersion = "Xcode 9.3";
			developmentRegion = en;
			hasScannedForEncodings = 0;
			knownRegions = (
				en,
				Base,
			);
			mainGroup = 5357583A267019AA00524FEB;
			packageReferences = (
				5357585926701EF800524FEB /* XCRemoteSwiftPackageReference "firebase-ios-sdk" */,
				535758672670255D00524FEB /* XCRemoteSwiftPackageReference "Alamofire" */,
				5357586B2670258C00524FEB /* XCRemoteSwiftPackageReference "SwiftyJSON" */,
			);
			productRefGroup = 53575844267019AA00524FEB /* Products */;
			projectDirPath = "";
			projectRoot = "";
			targets = (
				53575842267019AA00524FEB /* flight-tracker */,
			);
		};
/* End PBXProject section */

/* Begin PBXResourcesBuildPhase section */
		53575841267019AA00524FEB /* Resources */ = {
			isa = PBXResourcesBuildPhase;
			buildActionMask = 2147483647;
			files = (
				5357584E267019AB00524FEB /* Preview Assets.xcassets in Resources */,
				5357584B267019AB00524FEB /* Assets.xcassets in Resources */,
				5357585726701C3000524FEB /* GoogleService-Info.plist in Resources */,
			);
			runOnlyForDeploymentPostprocessing = 0;
		};
/* End PBXResourcesBuildPhase section */

/* Begin PBXSourcesBuildPhase section */
		5357583F267019AA00524FEB /* Sources */ = {
			isa = PBXSourcesBuildPhase;
			buildActionMask = 2147483647;
			files = (
				53231F582671714D00360437 /* Airport.swift in Sources */,
				53231F5F26717BF100360437 /* NavigationBarModifier.swift in Sources */,
				53231F5526716E2800360437 /* Airline.swift in Sources */,
				5357587026702A8600524FEB /* Flight.swift in Sources */,
				53231F62267181B300360437 /* Modifiers.swift in Sources */,
				53231F5B267174B900360437 /* FlightModel.swift in Sources */,
				53575849267019AA00524FEB /* MyFlightsView.swift in Sources */,
				53575847267019AA00524FEB /* flight_trackerApp.swift in Sources */,
			);
			runOnlyForDeploymentPostprocessing = 0;
		};
/* End PBXSourcesBuildPhase section */

/* Begin XCBuildConfiguration section */
		53575850267019AB00524FEB /* Debug */ = {
			isa = XCBuildConfiguration;
			buildSettings = {
				ALWAYS_SEARCH_USER_PATHS = NO;
				CLANG_ANALYZER_NONNULL = YES;
				CLANG_ANALYZER_NUMBER_OBJECT_CONVERSION = YES_AGGRESSIVE;
				CLANG_CXX_LANGUAGE_STANDARD = "gnu++14";
				CLANG_CXX_LIBRARY = "libc++";
				CLANG_ENABLE_MODULES = YES;
				CLANG_ENABLE_OBJC_ARC = YES;
				CLANG_ENABLE_OBJC_WEAK = YES;
				CLANG_WARN_BLOCK_CAPTURE_AUTORELEASING = YES;
				CLANG_WARN_BOOL_CONVERSION = YES;
				CLANG_WARN_COMMA = YES;
				CLANG_WARN_CONSTANT_CONVERSION = YES;
				CLANG_WARN_DEPRECATED_OBJC_IMPLEMENTATIONS = YES;
				CLANG_WARN_DIRECT_OBJC_ISA_USAGE = YES_ERROR;
				CLANG_WARN_DOCUMENTATION_COMMENTS = YES;
				CLANG_WARN_EMPTY_BODY = YES;
				CLANG_WARN_ENUM_CONVERSION = YES;
				CLANG_WARN_INFINITE_RECURSION = YES;
				CLANG_WARN_INT_CONVERSION = YES;
				CLANG_WARN_NON_LITERAL_NULL_CONVERSION = YES;
				CLANG_WARN_OBJC_IMPLICIT_RETAIN_SELF = YES;
				CLANG_WARN_OBJC_LITERAL_CONVERSION = YES;
				CLANG_WARN_OBJC_ROOT_CLASS = YES_ERROR;
				CLANG_WARN_QUOTED_INCLUDE_IN_FRAMEWORK_HEADER = YES;
				CLANG_WARN_RANGE_LOOP_ANALYSIS = YES;
				CLANG_WARN_STRICT_PROTOTYPES = YES;
				CLANG_WARN_SUSPICIOUS_MOVE = YES;
				CLANG_WARN_UNGUARDED_AVAILABILITY = YES_AGGRESSIVE;
				CLANG_WARN_UNREACHABLE_CODE = YES;
				CLANG_WARN__DUPLICATE_METHOD_MATCH = YES;
				COPY_PHASE_STRIP = NO;
				DEBUG_INFORMATION_FORMAT = dwarf;
				ENABLE_STRICT_OBJC_MSGSEND = YES;
				ENABLE_TESTABILITY = YES;
				GCC_C_LANGUAGE_STANDARD = gnu11;
				GCC_DYNAMIC_NO_PIC = NO;
				GCC_NO_COMMON_BLOCKS = YES;
				GCC_OPTIMIZATION_LEVEL = 0;
				GCC_PREPROCESSOR_DEFINITIONS = (
					"DEBUG=1",
					"$(inherited)",
				);
				GCC_WARN_64_TO_32_BIT_CONVERSION = YES;
				GCC_WARN_ABOUT_RETURN_TYPE = YES_ERROR;
				GCC_WARN_UNDECLARED_SELECTOR = YES;
				GCC_WARN_UNINITIALIZED_AUTOS = YES_AGGRESSIVE;
				GCC_WARN_UNUSED_FUNCTION = YES;
				GCC_WARN_UNUSED_VARIABLE = YES;
				IPHONEOS_DEPLOYMENT_TARGET = 14.4;
				MTL_ENABLE_DEBUG_INFO = INCLUDE_SOURCE;
				MTL_FAST_MATH = YES;
				ONLY_ACTIVE_ARCH = YES;
				SDKROOT = iphoneos;
				SWIFT_ACTIVE_COMPILATION_CONDITIONS = DEBUG;
				SWIFT_OPTIMIZATION_LEVEL = "-Onone";
			};
			name = Debug;
		};
		53575851267019AB00524FEB /* Release */ = {
			isa = XCBuildConfiguration;
			buildSettings = {
				ALWAYS_SEARCH_USER_PATHS = NO;
				CLANG_ANALYZER_NONNULL = YES;
				CLANG_ANALYZER_NUMBER_OBJECT_CONVERSION = YES_AGGRESSIVE;
				CLANG_CXX_LANGUAGE_STANDARD = "gnu++14";
				CLANG_CXX_LIBRARY = "libc++";
				CLANG_ENABLE_MODULES = YES;
				CLANG_ENABLE_OBJC_ARC = YES;
				CLANG_ENABLE_OBJC_WEAK = YES;
				CLANG_WARN_BLOCK_CAPTURE_AUTORELEASING = YES;
				CLANG_WARN_BOOL_CONVERSION = YES;
				CLANG_WARN_COMMA = YES;
				CLANG_WARN_CONSTANT_CONVERSION = YES;
				CLANG_WARN_DEPRECATED_OBJC_IMPLEMENTATIONS = YES;
				CLANG_WARN_DIRECT_OBJC_ISA_USAGE = YES_ERROR;
				CLANG_WARN_DOCUMENTATION_COMMENTS = YES;
				CLANG_WARN_EMPTY_BODY = YES;
				CLANG_WARN_ENUM_CONVERSION = YES;
				CLANG_WARN_INFINITE_RECURSION = YES;
				CLANG_WARN_INT_CONVERSION = YES;
				CLANG_WARN_NON_LITERAL_NULL_CONVERSION = YES;
				CLANG_WARN_OBJC_IMPLICIT_RETAIN_SELF = YES;
				CLANG_WARN_OBJC_LITERAL_CONVERSION = YES;
				CLANG_WARN_OBJC_ROOT_CLASS = YES_ERROR;
				CLANG_WARN_QUOTED_INCLUDE_IN_FRAMEWORK_HEADER = YES;
				CLANG_WARN_RANGE_LOOP_ANALYSIS = YES;
				CLANG_WARN_STRICT_PROTOTYPES = YES;
				CLANG_WARN_SUSPICIOUS_MOVE = YES;
				CLANG_WARN_UNGUARDED_AVAILABILITY = YES_AGGRESSIVE;
				CLANG_WARN_UNREACHABLE_CODE = YES;
				CLANG_WARN__DUPLICATE_METHOD_MATCH = YES;
				COPY_PHASE_STRIP = NO;
				DEBUG_INFORMATION_FORMAT = "dwarf-with-dsym";
				ENABLE_NS_ASSERTIONS = NO;
				ENABLE_STRICT_OBJC_MSGSEND = YES;
				GCC_C_LANGUAGE_STANDARD = gnu11;
				GCC_NO_COMMON_BLOCKS = YES;
				GCC_WARN_64_TO_32_BIT_CONVERSION = YES;
				GCC_WARN_ABOUT_RETURN_TYPE = YES_ERROR;
				GCC_WARN_UNDECLARED_SELECTOR = YES;
				GCC_WARN_UNINITIALIZED_AUTOS = YES_AGGRESSIVE;
				GCC_WARN_UNUSED_FUNCTION = YES;
				GCC_WARN_UNUSED_VARIABLE = YES;
				IPHONEOS_DEPLOYMENT_TARGET = 14.4;
				MTL_ENABLE_DEBUG_INFO = NO;
				MTL_FAST_MATH = YES;
				SDKROOT = iphoneos;
				SWIFT_COMPILATION_MODE = wholemodule;
				SWIFT_OPTIMIZATION_LEVEL = "-O";
				VALIDATE_PRODUCT = YES;
			};
			name = Release;
		};
		53575853267019AB00524FEB /* Debug */ = {
			isa = XCBuildConfiguration;
			buildSettings = {
				ASSETCATALOG_COMPILER_APPICON_NAME = AppIcon;
				ASSETCATALOG_COMPILER_GLOBAL_ACCENT_COLOR_NAME = AccentColor;
				CODE_SIGN_STYLE = Automatic;
				DEVELOPMENT_ASSET_PATHS = "\"flight-tracker/Preview Content\"";
				DEVELOPMENT_TEAM = 59266NU798;
				ENABLE_PREVIEWS = YES;
				INFOPLIST_FILE = "flight-tracker/Info.plist";
				IPHONEOS_DEPLOYMENT_TARGET = 14.0;
				LD_RUNPATH_SEARCH_PATHS = (
					"$(inherited)",
					"@executable_path/Frameworks",
				);
				PRODUCT_BUNDLE_IDENTIFIER = "A01400672.flight-tracker";
				PRODUCT_NAME = "$(TARGET_NAME)";
				SWIFT_VERSION = 5.0;
				TARGETED_DEVICE_FAMILY = "1,2";
			};
			name = Debug;
		};
		53575854267019AB00524FEB /* Release */ = {
			isa = XCBuildConfiguration;
			buildSettings = {
				ASSETCATALOG_COMPILER_APPICON_NAME = AppIcon;
				ASSETCATALOG_COMPILER_GLOBAL_ACCENT_COLOR_NAME = AccentColor;
				CODE_SIGN_STYLE = Automatic;
				DEVELOPMENT_ASSET_PATHS = "\"flight-tracker/Preview Content\"";
				DEVELOPMENT_TEAM = 59266NU798;
				ENABLE_PREVIEWS = YES;
				INFOPLIST_FILE = "flight-tracker/Info.plist";
				IPHONEOS_DEPLOYMENT_TARGET = 14.0;
				LD_RUNPATH_SEARCH_PATHS = (
					"$(inherited)",
					"@executable_path/Frameworks",
				);
				PRODUCT_BUNDLE_IDENTIFIER = "A01400672.flight-tracker";
				PRODUCT_NAME = "$(TARGET_NAME)";
				SWIFT_VERSION = 5.0;
				TARGETED_DEVICE_FAMILY = "1,2";
			};
			name = Release;
		};
/* End XCBuildConfiguration section */

/* Begin XCConfigurationList section */
		5357583E267019AA00524FEB /* Build configuration list for PBXProject "flight-tracker" */ = {
			isa = XCConfigurationList;
			buildConfigurations = (
				53575850267019AB00524FEB /* Debug */,
				53575851267019AB00524FEB /* Release */,
			);
			defaultConfigurationIsVisible = 0;
			defaultConfigurationName = Release;
		};
		53575852267019AB00524FEB /* Build configuration list for PBXNativeTarget "flight-tracker" */ = {
			isa = XCConfigurationList;
			buildConfigurations = (
				53575853267019AB00524FEB /* Debug */,
				53575854267019AB00524FEB /* Release */,
			);
			defaultConfigurationIsVisible = 0;
			defaultConfigurationName = Release;
		};
/* End XCConfigurationList section */

/* Begin XCRemoteSwiftPackageReference section */
		5357585926701EF800524FEB /* XCRemoteSwiftPackageReference "firebase-ios-sdk" */ = {
			isa = XCRemoteSwiftPackageReference;
			repositoryURL = "https://github.com/firebase/firebase-ios-sdk.git";
			requirement = {
				kind = upToNextMajorVersion;
				minimumVersion = 8.1.0;
			};
		};
		535758672670255D00524FEB /* XCRemoteSwiftPackageReference "Alamofire" */ = {
			isa = XCRemoteSwiftPackageReference;
			repositoryURL = "https://github.com/Alamofire/Alamofire.git";
			requirement = {
				kind = upToNextMajorVersion;
				minimumVersion = 5.4.3;
			};
		};
		5357586B2670258C00524FEB /* XCRemoteSwiftPackageReference "SwiftyJSON" */ = {
			isa = XCRemoteSwiftPackageReference;
			repositoryURL = "https://github.com/SwiftyJSON/SwiftyJSON.git";
			requirement = {
				kind = upToNextMajorVersion;
				minimumVersion = 5.0.1;
			};
		};
/* End XCRemoteSwiftPackageReference section */

/* Begin XCSwiftPackageProductDependency section */
		5357585A26701EF800524FEB /* FirebaseStorageSwift-Beta */ = {
			isa = XCSwiftPackageProductDependency;
			package = 5357585926701EF800524FEB /* XCRemoteSwiftPackageReference "firebase-ios-sdk" */;
			productName = "FirebaseStorageSwift-Beta";
		};
		5357585C26701EF800524FEB /* FirebaseFirestoreSwift-Beta */ = {
			isa = XCSwiftPackageProductDependency;
			package = 5357585926701EF800524FEB /* XCRemoteSwiftPackageReference "firebase-ios-sdk" */;
			productName = "FirebaseFirestoreSwift-Beta";
		};
		5357585E26701EF800524FEB /* FirebaseStorage */ = {
			isa = XCSwiftPackageProductDependency;
			package = 5357585926701EF800524FEB /* XCRemoteSwiftPackageReference "firebase-ios-sdk" */;
			productName = FirebaseStorage;
		};
		5357586026701EF800524FEB /* FirebaseAuth */ = {
			isa = XCSwiftPackageProductDependency;
			package = 5357585926701EF800524FEB /* XCRemoteSwiftPackageReference "firebase-ios-sdk" */;
			productName = FirebaseAuth;
		};
		5357586226701EF800524FEB /* FirebaseFirestore */ = {
			isa = XCSwiftPackageProductDependency;
			package = 5357585926701EF800524FEB /* XCRemoteSwiftPackageReference "firebase-ios-sdk" */;
			productName = FirebaseFirestore;
		};
		5357586426701EF800524FEB /* FirebaseDatabase */ = {
			isa = XCSwiftPackageProductDependency;
			package = 5357585926701EF800524FEB /* XCRemoteSwiftPackageReference "firebase-ios-sdk" */;
			productName = FirebaseDatabase;
		};
		535758682670255D00524FEB /* Alamofire */ = {
			isa = XCSwiftPackageProductDependency;
			package = 535758672670255D00524FEB /* XCRemoteSwiftPackageReference "Alamofire" */;
			productName = Alamofire;
		};
		5357586C2670258C00524FEB /* SwiftyJSON */ = {
			isa = XCSwiftPackageProductDependency;
			package = 5357586B2670258C00524FEB /* XCRemoteSwiftPackageReference "SwiftyJSON" */;
			productName = SwiftyJSON;
		};
/* End XCSwiftPackageProductDependency section */
	};
	rootObject = 5357583B267019AA00524FEB /* Project object */;
}
